
Microsoft Visual Studio Solution File, Format Version 12.00
# Visual Studio 15
VisualStudioVersion = 15.0.26403.3
MinimumVisualStudioVersion = 10.0.40219.1
Project("{FAE04EC0-301F-11D3-BF4B-00C04F79EFBC}") = "EstimatesCloseUpi", "EstimatesCloseUpi\EstimatesCloseUpi.csproj", "{B2413908-06F0-434F-882F-B08F8FAC64DF}"
EndProject
Project("{FAE04EC0-301F-11D3-BF4B-00C04F79EFBC}") = "EstimatesAsmUpi", "EstimateAssemplyUpi\EstimatesAsmUpi.csproj", "{06D6AD8C-671C-4F82-9DCE-BA39D8D8FC06}"
EndProject
Project("{FAE04EC0-301F-11D3-BF4B-00C04F79EFBC}") = "AsmBook", "AsmBook\AsmBook.csproj", "{8E690818-F1F3-4EAE-A85B-C5B0303498FF}"
EndProject
Global
	GlobalSection(Performance) = preSolution
		HasPerformanceSessions = true
	EndGlobalSection
	GlobalSection(SolutionConfigurationPlatforms) = preSolution
		Debug|Any CPU = Debug|Any CPU
		Debug|x64 = Debug|x64
		Debug|x86 = Debug|x86
		Release|Any CPU = Release|Any CPU
		Release|x64 = Release|x64
		Release|x86 = Release|x86
	EndGlobalSection
	GlobalSection(ProjectConfigurationPlatforms) = postSolution
		{B2413908-06F0-434F-882F-B08F8FAC64DF}.Debug|Any CPU.ActiveCfg = Debug|Any CPU
		{B2413908-06F0-434F-882F-B08F8FAC64DF}.Debug|Any CPU.Build.0 = Debug|Any CPU
		{B2413908-06F0-434F-882F-B08F8FAC64DF}.Debug|x64.ActiveCfg = Debug|x64
		{B2413908-06F0-434F-882F-B08F8FAC64DF}.Debug|x64.Build.0 = Debug|x64
		{B2413908-06F0-434F-882F-B08F8FAC64DF}.Debug|x86.ActiveCfg = Debug|x86
		{B2413908-06F0-434F-882F-B08F8FAC64DF}.Debug|x86.Build.0 = Debug|x86
		{B2413908-06F0-434F-882F-B08F8FAC64DF}.Release|Any CPU.ActiveCfg = Release|Any CPU
		{B2413908-06F0-434F-882F-B08F8FAC64DF}.Release|Any CPU.Build.0 = Release|Any CPU
		{B2413908-06F0-434F-882F-B08F8FAC64DF}.Release|x64.ActiveCfg = Release|x64
		{B2413908-06F0-434F-882F-B08F8FAC64DF}.Release|x64.Build.0 = Release|x64
		{B2413908-06F0-434F-882F-B08F8FAC64DF}.Release|x86.ActiveCfg = Release|x86
		{B2413908-06F0-434F-882F-B08F8FAC64DF}.Release|x86.Build.0 = Release|x86
		{06D6AD8C-671C-4F82-9DCE-BA39D8D8FC06}.Debug|Any CPU.ActiveCfg = Debug|Any CPU
		{06D6AD8C-671C-4F82-9DCE-BA39D8D8FC06}.Debug|Any CPU.Build.0 = Debug|Any CPU
		{06D6AD8C-671C-4F82-9DCE-BA39D8D8FC06}.Debug|x64.ActiveCfg = Debug|Any CPU
		{06D6AD8C-671C-4F82-9DCE-BA39D8D8FC06}.Debug|x64.Build.0 = Debug|Any CPU
		{06D6AD8C-671C-4F82-9DCE-BA39D8D8FC06}.Debug|x86.ActiveCfg = Debug|Any CPU
		{06D6AD8C-671C-4F82-9DCE-BA39D8D8FC06}.Debug|x86.Build.0 = Debug|Any CPU
		{06D6AD8C-671C-4F82-9DCE-BA39D8D8FC06}.Release|Any CPU.ActiveCfg = Release|Any CPU
		{06D6AD8C-671C-4F82-9DCE-BA39D8D8FC06}.Release|Any CPU.Build.0 = Release|Any CPU
		{06D6AD8C-671C-4F82-9DCE-BA39D8D8FC06}.Release|x64.ActiveCfg = Release|Any CPU
		{06D6AD8C-671C-4F82-9DCE-BA39D8D8FC06}.Release|x64.Build.0 = Release|Any CPU
		{06D6AD8C-671C-4F82-9DCE-BA39D8D8FC06}.Release|x86.ActiveCfg = Release|Any CPU
		{06D6AD8C-671C-4F82-9DCE-BA39D8D8FC06}.Release|x86.Build.0 = Release|Any CPU
		{8E690818-F1F3-4EAE-A85B-C5B0303498FF}.Debug|Any CPU.ActiveCfg = Debug|Any CPU
		{8E690818-F1F3-4EAE-A85B-C5B0303498FF}.Debug|Any CPU.Build.0 = Debug|Any CPU
		{8E690818-F1F3-4EAE-A85B-C5B0303498FF}.Debug|x64.ActiveCfg = Debug|Any CPU
		{8E690818-F1F3-4EAE-A85B-C5B0303498FF}.Debug|x64.Build.0 = Debug|Any CPU
		{8E690818-F1F3-4EAE-A85B-C5B0303498FF}.Debug|x86.ActiveCfg = Debug|Any CPU
		{8E690818-F1F3-4EAE-A85B-C5B0303498FF}.Debug|x86.Build.0 = Debug|Any CPU
		{8E690818-F1F3-4EAE-A85B-C5B0303498FF}.Release|Any CPU.ActiveCfg = Release|Any CPU
		{8E690818-F1F3-4EAE-A85B-C5B0303498FF}.Release|Any CPU.Build.0 = Release|Any CPU
		{8E690818-F1F3-4EAE-A85B-C5B0303498FF}.Release|x64.ActiveCfg = Release|Any CPU
		{8E690818-F1F3-4EAE-A85B-C5B0303498FF}.Release|x64.Build.0 = Release|Any CPU
		{8E690818-F1F3-4EAE-A85B-C5B0303498FF}.Release|x86.ActiveCfg = Release|Any CPU
		{8E690818-F1F3-4EAE-A85B-C5B0303498FF}.Release|x86.Build.0 = Release|Any CPU
	EndGlobalSection
	GlobalSection(SolutionProperties) = preSolution
		HideSolutionNode = FALSE
	EndGlobalSection
EndGlobal
